github.com/a-h/templ v0.3.977 h1:kiKAPXTZE2Iaf8JbtM21r54A8bCNsncrfnokZZSrSDg=
github.com/a-h/templ v0.3.977/go.mod h1:oCZcnKRf5jjsGpf2yELzQfodLphd2mwecwG4Crk5HBo=
github.com/evanw/esbuild v0.27.2 h1:3xBEws9y/JosfewXMM2qIyHAi+xRo8hVx475hVkJfNg=
github.com/evanw/esbuild v0.27.2/go.mod h1:D2vIQZqV/vIf/VRHtViaUtViZmG7o+kKmlBfVQuRi48=
golang.org/x/sys v0.0.0-20220715151400-c0bba94af5f8 h1:0A+M6Uqn+Eje4kHMK80dtF3JCXC4ykBgQG4Fe06QRhQ=
golang.org/x/sys v0.0.0-20220715151400-c0bba94af5f8/go.mod h1:oPkhp1MJrh7nUepCBck5+mAzfO9JrbApNNgaTdGDITg=
golang.org/x/sys v0.34.0/go.mod h1:BJP2sWEmIv4KK5OTEluFJCKSidICx8ciO85XgH3Ak8k=
